<Solution>
  <Folder Name="/src/">
    <Project Path="src/AFCP/AFCP.csproj" />
  </Folder>
  <Folder Name="/test/">
    <Project Path="test/AFCP.Tests/AFCP.Tests.csproj" />
  </Folder>
  <Folder Name="/samples/">
    <Project Path="samples/EchoServer/EchoServer.csproj" />
    <Project Path="samples/RequestResponse/RequestResponse.csproj" />
  </Folder>
</Solution>
